// !$*UTF8*$!
{
	archiveVersion = 1;
	classes = {
	};
	objectVersion = 48;
	objects = {

/* Begin PBXBuildFile section */
		DD3E88A81FCCCFF0003C90CA /* ATM.swift in Sources */ = {isa = PBXBuildFile; fileRef = DD3E88A71FCCCFF0003C90CA /* ATM.swift */; };
		DD3E88AA1FCCD092003C90CA /* ATMViewController.swift in Sources */ = {isa = PBXBuildFile; fileRef = DD3E88A91FCCD092003C90CA /* ATMViewController.swift */; };
		DD3E88AC1FCCD65C003C90CA /* ATMCollectionView.swift in Sources */ = {isa = PBXBuildFile; fileRef = DD3E88AB1FCCD65C003C90CA /* ATMCollectionView.swift */; };
		DD5252C91FCB42A400DC7C46 /* AppDelegate.swift in Sources */ = {isa = PBXBuildFile; fileRef = DD5252C81FCB42A400DC7C46 /* AppDelegate.swift */; };
		DD5252D11FCB42A400DC7C46 /* EngageTestApp.xcdatamodeld in Sources */ = {isa = PBXBuildFile; fileRef = DD5252CF1FCB42A400DC7C46 /* EngageTestApp.xcdatamodeld */; };
		DD5252D31FCB42A400DC7C46 /* Assets.xcassets in Resources */ = {isa = PBXBuildFile; fileRef = DD5252D21FCB42A400DC7C46 /* Assets.xcassets */; };
		DD5252E11FCB42A400DC7C46 /* EngageTestAppTests.swift in Sources */ = {isa = PBXBuildFile; fileRef = DD5252E01FCB42A400DC7C46 /* EngageTestAppTests.swift */; };
		DD5252F21FCB447500DC7C46 /* LoginViewController.swift in Sources */ = {isa = PBXBuildFile; fileRef = DD5252F11FCB447500DC7C46 /* LoginViewController.swift */; };
		DD5252F41FCB914600DC7C46 /* Default-568h@2x.png in Resources */ = {isa = PBXBuildFile; fileRef = DD5252F31FCB914600DC7C46 /* Default-568h@2x.png */; };
		DD5252F61FCB997600DC7C46 /* SplashView.swift in Sources */ = {isa = PBXBuildFile; fileRef = DD5252F51FCB997600DC7C46 /* SplashView.swift */; };
		DD5252F81FCB99A500DC7C46 /* AssistanceTableView.swift in Sources */ = {isa = PBXBuildFile; fileRef = DD5252F71FCB99A500DC7C46 /* AssistanceTableView.swift */; };
		DD5252FA1FCB9B0C00DC7C46 /* Colors.swift in Sources */ = {isa = PBXBuildFile; fileRef = DD5252F91FCB9B0C00DC7C46 /* Colors.swift */; };
		DD5252FC1FCBA05400DC7C46 /* InputView.swift in Sources */ = {isa = PBXBuildFile; fileRef = DD5252FB1FCBA05400DC7C46 /* InputView.swift */; };
		DD5252FE1FCBDCE800DC7C46 /* StyleKitEngage.swift in Sources */ = {isa = PBXBuildFile; fileRef = DD5252FD1FCBDCE800DC7C46 /* StyleKitEngage.swift */; };
		DD5253001FCBFFAB00DC7C46 /* AssistanceNode.swift in Sources */ = {isa = PBXBuildFile; fileRef = DD5252FF1FCBFFAB00DC7C46 /* AssistanceNode.swift */; };
/* End PBXBuildFile section */

/* Begin PBXContainerItemProxy section */
		DD5252DD1FCB42A400DC7C46 /* PBXContainerItemProxy */ = {
			isa = PBXContainerItemProxy;
			containerPortal = DD5252BD1FCB42A400DC7C46 /* Project object */;
			proxyType = 1;
			remoteGlobalIDString = DD5252C41FCB42A400DC7C46;
			remoteInfo = EngageTestApp;
		};
/* End PBXContainerItemProxy section */

/* Begin PBXFileReference section */
		DD3E88A71FCCCFF0003C90CA /* ATM.swift */ = {isa = PBXFileReference; lastKnownFileType = sourcecode.swift; path = ATM.swift; sourceTree = "<group>"; };
		DD3E88A91FCCD092003C90CA /* ATMViewController.swift */ = {isa = PBXFileReference; lastKnownFileType = sourcecode.swift; path = ATMViewController.swift; sourceTree = "<group>"; };
		DD3E88AB1FCCD65C003C90CA /* ATMCollectionView.swift */ = {isa = PBXFileReference; lastKnownFileType = sourcecode.swift; path = ATMCollectionView.swift; sourceTree = "<group>"; };
		DD5252C51FCB42A400DC7C46 /* EngageTestApp.app */ = {isa = PBXFileReference; explicitFileType = wrapper.application; includeInIndex = 0; path = EngageTestApp.app; sourceTree = BUILT_PRODUCTS_DIR; };
		DD5252C81FCB42A400DC7C46 /* AppDelegate.swift */ = {isa = PBXFileReference; lastKnownFileType = sourcecode.swift; path = AppDelegate.swift; sourceTree = "<group>"; };
		DD5252D01FCB42A400DC7C46 /* EngageTestApp.xcdatamodel */ = {isa = PBXFileReference; lastKnownFileType = wrapper.xcdatamodel; path = EngageTestApp.xcdatamodel; sourceTree = "<group>"; };
		DD5252D21FCB42A400DC7C46 /* Assets.xcassets */ = {isa = PBXFileReference; lastKnownFileType = folder.assetcatalog; path = Assets.xcassets; sourceTree = "<group>"; };
		DD5252D71FCB42A400DC7C46 /* Info.plist */ = {isa = PBXFileReference; lastKnownFileType = text.plist.xml; path = Info.plist; sourceTree = "<group>"; };
		DD5252DC1FCB42A400DC7C46 /* EngageTestAppTests.xctest */ = {isa = PBXFileReference; explicitFileType = wrapper.cfbundle; includeInIndex = 0; path = EngageTestAppTests.xctest; sourceTree = BUILT_PRODUCTS_DIR; };
		DD5252E01FCB42A400DC7C46 /* EngageTestAppTests.swift */ = {isa = PBXFileReference; lastKnownFileType = sourcecode.swift; path = EngageTestAppTests.swift; sourceTree = "<group>"; };
		DD5252E21FCB42A400DC7C46 /* Info.plist */ = {isa = PBXFileReference; lastKnownFileType = text.plist.xml; path = Info.plist; sourceTree = "<group>"; };
		DD5252F11FCB447500DC7C46 /* LoginViewController.swift */ = {isa = PBXFileReference; lastKnownFileType = sourcecode.swift; path = LoginViewController.swift; sourceTree = "<group>"; };
		DD5252F31FCB914600DC7C46 /* Default-568h@2x.png */ = {isa = PBXFileReference; lastKnownFileType = image.png; path = "Default-568h@2x.png"; sourceTree = "<group>"; };
		DD5252F51FCB997600DC7C46 /* SplashView.swift */ = {isa = PBXFileReference; lastKnownFileType = sourcecode.swift; path = SplashView.swift; sourceTree = "<group>"; };
		DD5252F71FCB99A500DC7C46 /* AssistanceTableView.swift */ = {isa = PBXFileReference; lastKnownFileType = sourcecode.swift; path = AssistanceTableView.swift; sourceTree = "<group>"; };
		DD5252F91FCB9B0C00DC7C46 /* Colors.swift */ = {isa = PBXFileReference; lastKnownFileType = sourcecode.swift; path = Colors.swift; sourceTree = "<group>"; };
		DD5252FB1FCBA05400DC7C46 /* InputView.swift */ = {isa = PBXFileReference; lastKnownFileType = sourcecode.swift; path = InputView.swift; sourceTree = "<group>"; };
		DD5252FD1FCBDCE800DC7C46 /* StyleKitEngage.swift */ = {isa = PBXFileReference; fileEncoding = 4; lastKnownFileType = sourcecode.swift; name = StyleKitEngage.swift; path = ../../../StyleKitEngage.swift; sourceTree = "<group>"; };
		DD5252FF1FCBFFAB00DC7C46 /* AssistanceNode.swift */ = {isa = PBXFileReference; lastKnownFileType = sourcecode.swift; path = AssistanceNode.swift; sourceTree = "<group>"; };
/* End PBXFileReference section */

/* Begin PBXFrameworksBuildPhase section */
		DD5252C21FCB42A400DC7C46 /* Frameworks */ = {
			isa = PBXFrameworksBuildPhase;
			buildActionMask = 2147483647;
			files = (
			);
			runOnlyForDeploymentPostprocessing = 0;
		};
		DD5252D91FCB42A400DC7C46 /* Frameworks */ = {
			isa = PBXFrameworksBuildPhase;
			buildActionMask = 2147483647;
			files = (
			);
			runOnlyForDeploymentPostprocessing = 0;
		};
/* End PBXFrameworksBuildPhase section */

/* Begin PBXGroup section */
		DD3E88A31FCCCD88003C90CA /* ATM */ = {
			isa = PBXGroup;
			children = (
				DD3E88A41FCCCD9D003C90CA /* Models */,
				DD3E88A51FCCCDA2003C90CA /* Views */,
				DD3E88A61FCCCEF3003C90CA /* View Controllers */,
			);
			path = ATM;
			sourceTree = "<group>";
		};
		DD3E88A41FCCCD9D003C90CA /* Models */ = {
			isa = PBXGroup;
			children = (
				DD3E88A71FCCCFF0003C90CA /* ATM.swift */,
			);
			path = Models;
			sourceTree = "<group>";
		};
		DD3E88A51FCCCDA2003C90CA /* Views */ = {
			isa = PBXGroup;
			children = (
				DD3E88AB1FCCD65C003C90CA /* ATMCollectionView.swift */,
			);
			path = Views;
			sourceTree = "<group>";
		};
		DD3E88A61FCCCEF3003C90CA /* View Controllers */ = {
			isa = PBXGroup;
			children = (
				DD3E88A91FCCD092003C90CA /* ATMViewController.swift */,
			);
			path = "View Controllers";
			sourceTree = "<group>";
		};
		DD5252BC1FCB42A400DC7C46 = {
			isa = PBXGroup;
			children = (
				DD5252C71FCB42A400DC7C46 /* EngageTestApp */,
				DD5252DF1FCB42A400DC7C46 /* EngageTestAppTests */,
				DD5252C61FCB42A400DC7C46 /* Products */,
			);
			sourceTree = "<group>";
		};
		DD5252C61FCB42A400DC7C46 /* Products */ = {
			isa = PBXGroup;
			children = (
				DD5252C51FCB42A400DC7C46 /* EngageTestApp.app */,
				DD5252DC1FCB42A400DC7C46 /* EngageTestAppTests.xctest */,
			);
			name = Products;
			sourceTree = "<group>";
		};
		DD5252C71FCB42A400DC7C46 /* EngageTestApp */ = {
			isa = PBXGroup;
			children = (
				DD5252EF1FCB434400DC7C46 /* Universal */,
				DD5252F01FCB435F00DC7C46 /* Assets */,
				DD5252EB1FCB431300DC7C46 /* Login */,
				DD3E88A31FCCCD88003C90CA /* ATM */,
			);
			path = EngageTestApp;
			sourceTree = "<group>";
		};
		DD5252DF1FCB42A400DC7C46 /* EngageTestAppTests */ = {
			isa = PBXGroup;
			children = (
				DD5252E01FCB42A400DC7C46 /* EngageTestAppTests.swift */,
				DD5252E21FCB42A400DC7C46 /* Info.plist */,
			);
			path = EngageTestAppTests;
			sourceTree = "<group>";
		};
		DD5252EB1FCB431300DC7C46 /* Login */ = {
			isa = PBXGroup;
			children = (
				DD5252EC1FCB431A00DC7C46 /* Models */,
				DD5252ED1FCB431E00DC7C46 /* Views */,
				DD5252EE1FCB432200DC7C46 /* View Controllers */,
			);
			path = Login;
			sourceTree = "<group>";
		};
		DD5252EC1FCB431A00DC7C46 /* Models */ = {
			isa = PBXGroup;
			children = (
				DD5252FF1FCBFFAB00DC7C46 /* AssistanceNode.swift */,
			);
			path = Models;
			sourceTree = "<group>";
		};
		DD5252ED1FCB431E00DC7C46 /* Views */ = {
			isa = PBXGroup;
			children = (
				DD5252F51FCB997600DC7C46 /* SplashView.swift */,
				DD5252FB1FCBA05400DC7C46 /* InputView.swift */,
				DD5252F71FCB99A500DC7C46 /* AssistanceTableView.swift */,
			);
			path = Views;
			sourceTree = "<group>";
		};
		DD5252EE1FCB432200DC7C46 /* View Controllers */ = {
			isa = PBXGroup;
			children = (
				DD5252F11FCB447500DC7C46 /* LoginViewController.swift */,
			);
			path = "View Controllers";
			sourceTree = "<group>";
		};
		DD5252EF1FCB434400DC7C46 /* Universal */ = {
			isa = PBXGroup;
			children = (
				DD5252CF1FCB42A400DC7C46 /* EngageTestApp.xcdatamodeld */,
				DD5252D71FCB42A400DC7C46 /* Info.plist */,
				DD5252C81FCB42A400DC7C46 /* AppDelegate.swift */,
				DD5252F91FCB9B0C00DC7C46 /* Colors.swift */,
			);
			path = Universal;
			sourceTree = "<group>";
		};
		DD5252F01FCB435F00DC7C46 /* Assets */ = {
			isa = PBXGroup;
			children = (
				DD5252F31FCB914600DC7C46 /* Default-568h@2x.png */,
				DD5252FD1FCBDCE800DC7C46 /* StyleKitEngage.swift */,
				DD5252D21FCB42A400DC7C46 /* Assets.xcassets */,
			);
			path = Assets;
			sourceTree = "<group>";
		};
/* End PBXGroup section */

/* Begin PBXNativeTarget section */
		DD5252C41FCB42A400DC7C46 /* EngageTestApp */ = {
			isa = PBXNativeTarget;
			buildConfigurationList = DD5252E51FCB42A400DC7C46 /* Build configuration list for PBXNativeTarget "EngageTestApp" */;
			buildPhases = (
				DD5252C11FCB42A400DC7C46 /* Sources */,
				DD5252C21FCB42A400DC7C46 /* Frameworks */,
				DD5252C31FCB42A400DC7C46 /* Resources */,
			);
			buildRules = (
			);
			dependencies = (
			);
			name = EngageTestApp;
			productName = EngageTestApp;
			productReference = DD5252C51FCB42A400DC7C46 /* EngageTestApp.app */;
			productType = "com.apple.product-type.application";
		};
		DD5252DB1FCB42A400DC7C46 /* EngageTestAppTests */ = {
			isa = PBXNativeTarget;
			buildConfigurationList = DD5252E81FCB42A400DC7C46 /* Build configuration list for PBXNativeTarget "EngageTestAppTests" */;
			buildPhases = (
				DD5252D81FCB42A400DC7C46 /* Sources */,
				DD5252D91FCB42A400DC7C46 /* Frameworks */,
				DD5252DA1FCB42A400DC7C46 /* Resources */,
			);
			buildRules = (
			);
			dependencies = (
				DD5252DE1FCB42A400DC7C46 /* PBXTargetDependency */,
			);
			name = EngageTestAppTests;
			productName = EngageTestAppTests;
			productReference = DD5252DC1FCB42A400DC7C46 /* EngageTestAppTests.xctest */;
			productType = "com.apple.product-type.bundle.unit-test";
		};
/* End PBXNativeTarget section */

/* Begin PBXProject section */
		DD5252BD1FCB42A400DC7C46 /* Project object */ = {
			isa = PBXProject;
			attributes = {
				LastSwiftUpdateCheck = 0910;
				LastUpgradeCheck = 0910;
				ORGANIZATIONNAME = EngageFT;
				TargetAttributes = {
					DD5252C41FCB42A400DC7C46 = {
						CreatedOnToolsVersion = 9.1;
						ProvisioningStyle = Automatic;
					};
					DD5252DB1FCB42A400DC7C46 = {
						CreatedOnToolsVersion = 9.1;
						ProvisioningStyle = Automatic;
						TestTargetID = DD5252C41FCB42A400DC7C46;
					};
				};
			};
			buildConfigurationList = DD5252C01FCB42A400DC7C46 /* Build configuration list for PBXProject "EngageTestApp" */;
			compatibilityVersion = "Xcode 8.0";
			developmentRegion = en;
			hasScannedForEncodings = 0;
			knownRegions = (
				en,
				Base,
			);
			mainGroup = DD5252BC1FCB42A400DC7C46;
			productRefGroup = DD5252C61FCB42A400DC7C46 /* Products */;
			projectDirPath = "";
			projectRoot = "";
			targets = (
				DD5252C41FCB42A400DC7C46 /* EngageTestApp */,
				DD5252DB1FCB42A400DC7C46 /* EngageTestAppTests */,
			);
		};
/* End PBXProject section */

/* Begin PBXResourcesBuildPhase section */
		DD5252C31FCB42A400DC7C46 /* Resources */ = {
			isa = PBXResourcesBuildPhase;
			buildActionMask = 2147483647;
			files = (
				DD5252D31FCB42A400DC7C46 /* Assets.xcassets in Resources */,
				DD5252F41FCB914600DC7C46 /* Default-568h@2x.png in Resources */,
			);
			runOnlyForDeploymentPostprocessing = 0;
		};
		DD5252DA1FCB42A400DC7C46 /* Resources */ = {
			isa = PBXResourcesBuildPhase;
			buildActionMask = 2147483647;
			files = (
			);
			runOnlyForDeploymentPostprocessing = 0;
		};
/* End PBXResourcesBuildPhase section */

/* Begin PBXSourcesBuildPhase section */
		DD5252C11FCB42A400DC7C46 /* Sources */ = {
			isa = PBXSourcesBuildPhase;
			buildActionMask = 2147483647;
			files = (
				DD5252F21FCB447500DC7C46 /* LoginViewController.swift in Sources */,
				DD5252FC1FCBA05400DC7C46 /* InputView.swift in Sources */,
				DD5253001FCBFFAB00DC7C46 /* AssistanceNode.swift in Sources */,
				DD3E88AC1FCCD65C003C90CA /* ATMCollectionView.swift in Sources */,
				DD5252FA1FCB9B0C00DC7C46 /* Colors.swift in Sources */,
				DD5252F81FCB99A500DC7C46 /* AssistanceTableView.swift in Sources */,
				DD3E88AA1FCCD092003C90CA /* ATMViewController.swift in Sources */,
				DD5252F61FCB997600DC7C46 /* SplashView.swift in Sources */,
				DD5252D11FCB42A400DC7C46 /* EngageTestApp.xcdatamodeld in Sources */,
				DD5252C91FCB42A400DC7C46 /* AppDelegate.swift in Sources */,
				DD3E88A81FCCCFF0003C90CA /* ATM.swift in Sources */,
				DD5252FE1FCBDCE800DC7C46 /* StyleKitEngage.swift in Sources */,
			);
			runOnlyForDeploymentPostprocessing = 0;
		};
		DD5252D81FCB42A400DC7C46 /* Sources */ = {
			isa = PBXSourcesBuildPhase;
			buildActionMask = 2147483647;
			files = (
				DD5252E11FCB42A400DC7C46 /* EngageTestAppTests.swift in Sources */,
			);
			runOnlyForDeploymentPostprocessing = 0;
		};
/* End PBXSourcesBuildPhase section */

/* Begin PBXTargetDependency section */
		DD5252DE1FCB42A400DC7C46 /* PBXTargetDependency */ = {
			isa = PBXTargetDependency;
			target = DD5252C41FCB42A400DC7C46 /* EngageTestApp */;
			targetProxy = DD5252DD1FCB42A400DC7C46 /* PBXContainerItemProxy */;
		};
/* End PBXTargetDependency section */

/* Begin XCBuildConfiguration section */
		DD5252E31FCB42A400DC7C46 /* Debug */ = {
			isa = XCBuildConfiguration;
			buildSettings = {
				ALWAYS_SEARCH_USER_PATHS = NO;
				CLANG_ANALYZER_NONNULL = YES;
				CLANG_ANALYZER_NUMBER_OBJECT_CONVERSION = YES_AGGRESSIVE;
				CLANG_CXX_LANGUAGE_STANDARD = "gnu++14";
				CLANG_CXX_LIBRARY = "libc++";
				CLANG_ENABLE_MODULES = YES;
				CLANG_ENABLE_OBJC_ARC = YES;
				CLANG_WARN_BLOCK_CAPTURE_AUTORELEASING = YES;
				CLANG_WARN_BOOL_CONVERSION = YES;
				CLANG_WARN_COMMA = YES;
				CLANG_WARN_CONSTANT_CONVERSION = YES;
				CLANG_WARN_DIRECT_OBJC_ISA_USAGE = YES_ERROR;
				CLANG_WARN_DOCUMENTATION_COMMENTS = YES;
				CLANG_WARN_EMPTY_BODY = YES;
				CLANG_WARN_ENUM_CONVERSION = YES;
				CLANG_WARN_INFINITE_RECURSION = YES;
				CLANG_WARN_INT_CONVERSION = YES;
				CLANG_WARN_NON_LITERAL_NULL_CONVERSION = YES;
				CLANG_WARN_OBJC_LITERAL_CONVERSION = YES;
				CLANG_WARN_OBJC_ROOT_CLASS = YES_ERROR;
				CLANG_WARN_RANGE_LOOP_ANALYSIS = YES;
				CLANG_WARN_STRICT_PROTOTYPES = YES;
				CLANG_WARN_SUSPICIOUS_MOVE = YES;
				CLANG_WARN_UNGUARDED_AVAILABILITY = YES_AGGRESSIVE;
				CLANG_WARN_UNREACHABLE_CODE = YES;
				CLANG_WARN__DUPLICATE_METHOD_MATCH = YES;
				CODE_SIGN_IDENTITY = "iPhone Developer";
				COPY_PHASE_STRIP = NO;
				DEBUG_INFORMATION_FORMAT = dwarf;
				ENABLE_STRICT_OBJC_MSGSEND = YES;
				ENABLE_TESTABILITY = YES;
				GCC_C_LANGUAGE_STANDARD = gnu11;
				GCC_DYNAMIC_NO_PIC = NO;
				GCC_NO_COMMON_BLOCKS = YES;
				GCC_OPTIMIZATION_LEVEL = 0;
				GCC_PREPROCESSOR_DEFINITIONS = (
					"DEBUG=1",
					"$(inherited)",
				);
				GCC_WARN_64_TO_32_BIT_CONVERSION = YES;
				GCC_WARN_ABOUT_RETURN_TYPE = YES_ERROR;
				GCC_WARN_UNDECLARED_SELECTOR = YES;
				GCC_WARN_UNINITIALIZED_AUTOS = YES_AGGRESSIVE;
				GCC_WARN_UNUSED_FUNCTION = YES;
				GCC_WARN_UNUSED_VARIABLE = YES;
				IPHONEOS_DEPLOYMENT_TARGET = 10.0;
				MTL_ENABLE_DEBUG_INFO = YES;
				ONLY_ACTIVE_ARCH = YES;
				SDKROOT = iphoneos;
				SWIFT_ACTIVE_COMPILATION_CONDITIONS = DEBUG;
				SWIFT_OPTIMIZATION_LEVEL = "-Onone";
			};
			name = Debug;
		};
		DD5252E41FCB42A400DC7C46 /* Release */ = {
			isa = XCBuildConfiguration;
			buildSettings = {
				ALWAYS_SEARCH_USER_PATHS = NO;
				CLANG_ANALYZER_NONNULL = YES;
				CLANG_ANALYZER_NUMBER_OBJECT_CONVERSION = YES_AGGRESSIVE;
				CLANG_CXX_LANGUAGE_STANDARD = "gnu++14";
				CLANG_CXX_LIBRARY = "libc++";
				CLANG_ENABLE_MODULES = YES;
				CLANG_ENABLE_OBJC_ARC = YES;
				CLANG_WARN_BLOCK_CAPTURE_AUTORELEASING = YES;
				CLANG_WARN_BOOL_CONVERSION = YES;
				CLANG_WARN_COMMA = YES;
				CLANG_WARN_CONSTANT_CONVERSION = YES;
				CLANG_WARN_DIRECT_OBJC_ISA_USAGE = YES_ERROR;
				CLANG_WARN_DOCUMENTATION_COMMENTS = YES;
				CLANG_WARN_EMPTY_BODY = YES;
				CLANG_WARN_ENUM_CONVERSION = YES;
				CLANG_WARN_INFINITE_RECURSION = YES;
				CLANG_WARN_INT_CONVERSION = YES;
				CLANG_WARN_NON_LITERAL_NULL_CONVERSION = YES;
				CLANG_WARN_OBJC_LITERAL_CONVERSION = YES;
				CLANG_WARN_OBJC_ROOT_CLASS = YES_ERROR;
				CLANG_WARN_RANGE_LOOP_ANALYSIS = YES;
				CLANG_WARN_STRICT_PROTOTYPES = YES;
				CLANG_WARN_SUSPICIOUS_MOVE = YES;
				CLANG_WARN_UNGUARDED_AVAILABILITY = YES_AGGRESSIVE;
				CLANG_WARN_UNREACHABLE_CODE = YES;
				CLANG_WARN__DUPLICATE_METHOD_MATCH = YES;
				CODE_SIGN_IDENTITY = "iPhone Developer";
				COPY_PHASE_STRIP = NO;
				DEBUG_INFORMATION_FORMAT = "dwarf-with-dsym";
				ENABLE_NS_ASSERTIONS = NO;
				ENABLE_STRICT_OBJC_MSGSEND = YES;
				GCC_C_LANGUAGE_STANDARD = gnu11;
				GCC_NO_COMMON_BLOCKS = YES;
				GCC_WARN_64_TO_32_BIT_CONVERSION = YES;
				GCC_WARN_ABOUT_RETURN_TYPE = YES_ERROR;
				GCC_WARN_UNDECLARED_SELECTOR = YES;
				GCC_WARN_UNINITIALIZED_AUTOS = YES_AGGRESSIVE;
				GCC_WARN_UNUSED_FUNCTION = YES;
				GCC_WARN_UNUSED_VARIABLE = YES;
				IPHONEOS_DEPLOYMENT_TARGET = 10.0;
				MTL_ENABLE_DEBUG_INFO = NO;
				SDKROOT = iphoneos;
				SWIFT_OPTIMIZATION_LEVEL = "-Owholemodule";
				VALIDATE_PRODUCT = YES;
			};
			name = Release;
		};
		DD5252E61FCB42A400DC7C46 /* Debug */ = {
			isa = XCBuildConfiguration;
			buildSettings = {
				ASSETCATALOG_COMPILER_APPICON_NAME = AppIcon;
				CODE_SIGN_STYLE = Automatic;
				DEVELOPMENT_TEAM = QZ688Q6N5R;
				INFOPLIST_FILE = "$(SRCROOT)/EngageTestApp/Universal/Info.plist";
				IPHONEOS_DEPLOYMENT_TARGET = 10.0;
				LD_RUNPATH_SEARCH_PATHS = "$(inherited) @executable_path/Frameworks";
				PRODUCT_BUNDLE_IDENTIFIER = EN.EngageTestApp;
				PRODUCT_NAME = "$(TARGET_NAME)";
				SWIFT_VERSION = 4.0;
				TARGETED_DEVICE_FAMILY = "1,2";
			};
			name = Debug;
		};
		DD5252E71FCB42A400DC7C46 /* Release */ = {
			isa = XCBuildConfiguration;
			buildSettings = {
				ASSETCATALOG_COMPILER_APPICON_NAME = AppIcon;
				CODE_SIGN_STYLE = Automatic;
				DEVELOPMENT_TEAM = QZ688Q6N5R;
				INFOPLIST_FILE = "$(SRCROOT)/EngageTestApp/Universal/Info.plist";
				IPHONEOS_DEPLOYMENT_TARGET = 10.0;
				LD_RUNPATH_SEARCH_PATHS = "$(inherited) @executable_path/Frameworks";
				PRODUCT_BUNDLE_IDENTIFIER = EN.EngageTestApp;
				PRODUCT_NAME = "$(TARGET_NAME)";
				SWIFT_VERSION = 4.0;
				TARGETED_DEVICE_FAMILY = "1,2";
			};
			name = Release;
		};
		DD5252E91FCB42A400DC7C46 /* Debug */ = {
			isa = XCBuildConfiguration;
			buildSettings = {
				ALWAYS_EMBED_SWIFT_STANDARD_LIBRARIES = YES;
				BUNDLE_LOADER = "$(TEST_HOST)";
				CODE_SIGN_STYLE = Automatic;
				DEVELOPMENT_TEAM = QZ688Q6N5R;
				INFOPLIST_FILE = EngageTestAppTests/Info.plist;
				LD_RUNPATH_SEARCH_PATHS = "$(inherited) @executable_path/Frameworks @loader_path/Frameworks";
				PRODUCT_BUNDLE_IDENTIFIER = EN.EngageTestAppTests;
				PRODUCT_NAME = "$(TARGET_NAME)";
				SWIFT_VERSION = 4.0;
				TARGETED_DEVICE_FAMILY = "1,2";
				TEST_HOST = "$(BUILT_PRODUCTS_DIR)/EngageTestApp.app/EngageTestApp";
			};
			name = Debug;
		};
		DD5252EA1FCB42A400DC7C46 /* Release */ = {
			isa = XCBuildConfiguration;
			buildSettings = {
				ALWAYS_EMBED_SWIFT_STANDARD_LIBRARIES = YES;
				BUNDLE_LOADER = "$(TEST_HOST)";
				CODE_SIGN_STYLE = Automatic;
				DEVELOPMENT_TEAM = QZ688Q6N5R;
				INFOPLIST_FILE = EngageTestAppTests/Info.plist;
				LD_RUNPATH_SEARCH_PATHS = "$(inherited) @executable_path/Frameworks @loader_path/Frameworks";
				PRODUCT_BUNDLE_IDENTIFIER = EN.EngageTestAppTests;
				PRODUCT_NAME = "$(TARGET_NAME)";
				SWIFT_VERSION = 4.0;
				TARGETED_DEVICE_FAMILY = "1,2";
				TEST_HOST = "$(BUILT_PRODUCTS_DIR)/EngageTestApp.app/EngageTestApp";
			};
			name = Release;
		};
/* End XCBuildConfiguration section */

/* Begin XCConfigurationList section */
		DD5252C01FCB42A400DC7C46 /* Build configuration list for PBXProject "EngageTestApp" */ = {
			isa = XCConfigurationList;
			buildConfigurations = (
				DD5252E31FCB42A400DC7C46 /* Debug */,
				DD5252E41FCB42A400DC7C46 /* Release */,
			);
			defaultConfigurationIsVisible = 0;
			defaultConfigurationName = Release;
		};
		DD5252E51FCB42A400DC7C46 /* Build configuration list for PBXNativeTarget "EngageTestApp" */ = {
			isa = XCConfigurationList;
			buildConfigurations = (
				DD5252E61FCB42A400DC7C46 /* Debug */,
				DD5252E71FCB42A400DC7C46 /* Release */,
			);
			defaultConfigurationIsVisible = 0;
			defaultConfigurationName = Release;
		};
		DD5252E81FCB42A400DC7C46 /* Build configuration list for PBXNativeTarget "EngageTestAppTests" */ = {
			isa = XCConfigurationList;
			buildConfigurations = (
				DD5252E91FCB42A400DC7C46 /* Debug */,
				DD5252EA1FCB42A400DC7C46 /* Release */,
			);
			defaultConfigurationIsVisible = 0;
			defaultConfigurationName = Release;
		};
/* End XCConfigurationList section */

/* Begin XCVersionGroup section */
		DD5252CF1FCB42A400DC7C46 /* EngageTestApp.xcdatamodeld */ = {
			isa = XCVersionGroup;
			children = (
				DD5252D01FCB42A400DC7C46 /* EngageTestApp.xcdatamodel */,
			);
			currentVersion = DD5252D01FCB42A400DC7C46 /* EngageTestApp.xcdatamodel */;
			path = EngageTestApp.xcdatamodeld;
			sourceTree = "<group>";
			versionGroupType = wrapper.xcdatamodel;
		};
/* End XCVersionGroup section */
	};
	rootObject = DD5252BD1FCB42A400DC7C46 /* Project object */;
}
